// !$*UTF8*$!
{
	archiveVersion = 1;
	classes = {
	};
	objectVersion = 46;
	objects = {

/* Begin PBXBuildFile section */
		F60250CC187DDDC80029915C /* Foundation.framework in Frameworks */ = {isa = PBXBuildFile; fileRef = F60250CB187DDDC80029915C /* Foundation.framework */; };
		F60250CE187DDDC80029915C /* CoreGraphics.framework in Frameworks */ = {isa = PBXBuildFile; fileRef = F60250CD187DDDC80029915C /* CoreGraphics.framework */; };
		F60250D0187DDDC80029915C /* GLKit.framework in Frameworks */ = {isa = PBXBuildFile; fileRef = F60250CF187DDDC80029915C /* GLKit.framework */; };
		F60250D2187DDDC80029915C /* OpenGLES.framework in Frameworks */ = {isa = PBXBuildFile; fileRef = F60250D1187DDDC80029915C /* OpenGLES.framework */; };
		F60250D8187DDDC80029915C /* InfoPlist.strings in Resources */ = {isa = PBXBuildFile; fileRef = F60250D6187DDDC80029915C /* InfoPlist.strings */; };
		F60250DA187DDDC80029915C /* main.m in Sources */ = {isa = PBXBuildFile; fileRef = F60250D9187DDDC80029915C /* main.m */; };
		F6025104187DDEFB0029915C /* fgAppDelegate.m in Sources */ = {isa = PBXBuildFile; fileRef = F60250FB187DDEFB0029915C /* fgAppDelegate.m */; };
		F6025105187DDEFB0029915C /* fgDataAdapter.m in Sources */ = {isa = PBXBuildFile; fileRef = F60250FD187DDEFB0029915C /* fgDataAdapter.m */; };
		F6025106187DDEFB0029915C /* fgGameAdapter.m in Sources */ = {isa = PBXBuildFile; fileRef = F60250FF187DDEFB0029915C /* fgGameAdapter.m */; };
		F6025107187DDEFB0029915C /* fgViewAdapter.m in Sources */ = {isa = PBXBuildFile; fileRef = F6025101187DDEFB0029915C /* fgViewAdapter.m */; };
		F6025108187DDEFB0029915C /* fgViewCanvas.m in Sources */ = {isa = PBXBuildFile; fileRef = F6025103187DDEFB0029915C /* fgViewCanvas.m */; };
		F6118612188C545A004497C2 /* fgDragPawnOverEdge.m in Sources */ = {isa = PBXBuildFile; fileRef = F6118611188C545A004497C2 /* fgDragPawnOverEdge.m */; };
		F6145D5018B04D5C00924636 /* background-gameplay.png in Resources */ = {isa = PBXBuildFile; fileRef = F6145D4E18B04D5C00924636 /* background-gameplay.png */; };
		F6145D5618B1B24200924636 /* fgTabuloEvent.m in Sources */ = {isa = PBXBuildFile; fileRef = F6145D5518B1B24200924636 /* fgTabuloEvent.m */; };
		F6145D5918B2F3ED00924636 /* fgLevelState.m in Sources */ = {isa = PBXBuildFile; fileRef = F6145D5818B2F3ED00924636 /* fgLevelState.m */; };
		F61CD764193EBDEC006F3C04 /* libFramework.a in Frameworks */ = {isa = PBXBuildFile; fileRef = F61CD763193EBDEC006F3C04 /* libFramework.a */; };
		F61CD766193EBEED006F3C04 /* GameKit.framework in Frameworks */ = {isa = PBXBuildFile; fileRef = F61CD765193EBEED006F3C04 /* GameKit.framework */; };
		F61CD768193EBEF3006F3C04 /* StoreKit.framework in Frameworks */ = {isa = PBXBuildFile; fileRef = F61CD767193EBEF3006F3C04 /* StoreKit.framework */; };
		F61CD76A193EC146006F3C04 /* UIKit.framework in Frameworks */ = {isa = PBXBuildFile; fileRef = F61CD769193EC146006F3C04 /* UIKit.framework */; };
		F61CD77619589C49006F3C04 /* fgLevel001.m in Sources */ = {isa = PBXBuildFile; fileRef = F61CD77519589C49006F3C04 /* fgLevel001.m */; };
		F61CD77B1958A030006F3C04 /* fgTabuloScene.m in Sources */ = {isa = PBXBuildFile; fileRef = F61CD77A1958A030006F3C04 /* fgTabuloScene.m */; };
		F61CD77E1958A291006F3C04 /* fgTabuloGame.m in Sources */ = {isa = PBXBuildFile; fileRef = F61CD77D1958A291006F3C04 /* fgTabuloGame.m */; };
		F61CD7821958D385006F3C04 /* fgLevel019.m in Sources */ = {isa = PBXBuildFile; fileRef = F61CD7811958D385006F3C04 /* fgLevel019.m */; };
		F61CD7851958D6EC006F3C04 /* fgLevel003.m in Sources */ = {isa = PBXBuildFile; fileRef = F61CD7841958D6EC006F3C04 /* fgLevel003.m */; };
		F61CD78B195CA4D0006F3C04 /* fgLevel002.m in Sources */ = {isa = PBXBuildFile; fileRef = F61CD78A195CA4D0006F3C04 /* fgLevel002.m */; };
		F61CD78E195CA7BA006F3C04 /* fgLevel004.m in Sources */ = {isa = PBXBuildFile; fileRef = F61CD78D195CA7BA006F3C04 /* fgLevel004.m */; };
		F61CD791195CA824006F3C04 /* fgLevel005.m in Sources */ = {isa = PBXBuildFile; fileRef = F61CD790195CA824006F3C04 /* fgLevel005.m */; };
		F61CD794195CA83A006F3C04 /* fgLevel006.m in Sources */ = {isa = PBXBuildFile; fileRef = F61CD793195CA83A006F3C04 /* fgLevel006.m */; };
		F61CD797195E15D4006F3C04 /* fgLevel007.m in Sources */ = {isa = PBXBuildFile; fileRef = F61CD796195E15D4006F3C04 /* fgLevel007.m */; };
		F61CD79A195E1609006F3C04 /* fgLevel008.m in Sources */ = {isa = PBXBuildFile; fileRef = F61CD799195E1609006F3C04 /* fgLevel008.m */; };
		F61CD79D195E1624006F3C04 /* fgLevel009.m in Sources */ = {isa = PBXBuildFile; fileRef = F61CD79C195E1624006F3C04 /* fgLevel009.m */; };
		F61CD7A0195E1640006F3C04 /* fgLevel010.m in Sources */ = {isa = PBXBuildFile; fileRef = F61CD79F195E1640006F3C04 /* fgLevel010.m */; };
		F61CD7A3195E165A006F3C04 /* fgLevel011.m in Sources */ = {isa = PBXBuildFile; fileRef = F61CD7A2195E165A006F3C04 /* fgLevel011.m */; };
		F61CD7A6195E1675006F3C04 /* fgLevel012.m in Sources */ = {isa = PBXBuildFile; fileRef = F61CD7A5195E1675006F3C04 /* fgLevel012.m */; };
		F61CD7A9195E168E006F3C04 /* fgLevel013.m in Sources */ = {isa = PBXBuildFile; fileRef = F61CD7A8195E168E006F3C04 /* fgLevel013.m */; };
		F61CD7AC195E16BB006F3C04 /* fgLevel014.m in Sources */ = {isa = PBXBuildFile; fileRef = F61CD7AB195E16BB006F3C04 /* fgLevel014.m */; };
		F61CD7AF195E16D8006F3C04 /* fgLevel015.m in Sources */ = {isa = PBXBuildFile; fileRef = F61CD7AE195E16D8006F3C04 /* fgLevel015.m */; };
		F61CD7B2195E16F1006F3C04 /* fgLevel016.m in Sources */ = {isa = PBXBuildFile; fileRef = F61CD7B1195E16F1006F3C04 /* fgLevel016.m */; };
		F61CD7B5195E170C006F3C04 /* fgLevel017.m in Sources */ = {isa = PBXBuildFile; fileRef = F61CD7B4195E170C006F3C04 /* fgLevel017.m */; };
		F61CD7B8195E172A006F3C04 /* fgLevel018.m in Sources */ = {isa = PBXBuildFile; fileRef = F61CD7B7195E172A006F3C04 /* fgLevel018.m */; };
		F61CD7BB19687DCC006F3C04 /* fgLevel021.m in Sources */ = {isa = PBXBuildFile; fileRef = F61CD7BA19687DCC006F3C04 /* fgLevel021.m */; };
		F61CD7BE19688C16006F3C04 /* fgLevel020.m in Sources */ = {isa = PBXBuildFile; fileRef = F61CD7BD19688C16006F3C04 /* fgLevel020.m */; };
		F6494ED91969DBB700339F70 /* fgLevel022.m in Sources */ = {isa = PBXBuildFile; fileRef = F6494ED81969DBB700339F70 /* fgLevel022.m */; };
		F682186E189F444D0041DA80 /* fgEventOnClick.m in Sources */ = {isa = PBXBuildFile; fileRef = F682186D189F444D0041DA80 /* fgEventOnClick.m */; };
		F69231BB19C61F650046B322 /* fgDragPlankAroundNode.m in Sources */ = {isa = PBXBuildFile; fileRef = F69231BA19C61F650046B322 /* fgDragPlankAroundNode.m */; };
		F6959B5C19E707340069D07B /* fgLevel034.m in Sources */ = {isa = PBXBuildFile; fileRef = F6959B5B19E707340069D07B /* fgLevel034.m */; };
		F6959B5F19E720560069D07B /* fgLevel035.m in Sources */ = {isa = PBXBuildFile; fileRef = F6959B5E19E720560069D07B /* fgLevel035.m */; };
		F6959B6219E74C130069D07B /* fgLevel036.m in Sources */ = {isa = PBXBuildFile; fileRef = F6959B6119E74C130069D07B /* fgLevel036.m */; };
		F6A6CA63187DF1AC006AAE57 /* fgTabuloDirector.m in Sources */ = {isa = PBXBuildFile; fileRef = F6A6CA62187DF1AC006AAE57 /* fgTabuloDirector.m */; };
		F6AA4C6C19283C3E00E93CAF /* Images.xcassets in Resources */ = {isa = PBXBuildFile; fileRef = F6AA4C6B19283C3E00E93CAF /* Images.xcassets */; };
		F6BDB2AE18C16E0700430653 /* spritesheet-gameplay.png in Resources */ = {isa = PBXBuildFile; fileRef = F6BDB2AD18C16E0700430653 /* spritesheet-gameplay.png */; };
		F6BDB2B118C2733000430653 /* fgRemoveFeedbackCommand.m in Sources */ = {isa = PBXBuildFile; fileRef = F6BDB2B018C2733000430653 /* fgRemoveFeedbackCommand.m */; };
		F6BDB2B918C2DAD600430653 /* fgPawnEdge.m in Sources */ = {isa = PBXBuildFile; fileRef = F6BDB2B818C2DAD600430653 /* fgPawnEdge.m */; };
		F6BDB2BC18C2DAEF00430653 /* fgPlankEdge.m in Sources */ = {isa = PBXBuildFile; fileRef = F6BDB2BB18C2DAEF00430653 /* fgPlankEdge.m */; };
		F6BDB2CA18CD64A300430653 /* Content in Resources */ = {isa = PBXBuildFile; fileRef = F6BDB2C918CD64A300430653 /* Content */; };
		F6C4D51119C91DD900FB309E /* fgLevel025.m in Sources */ = {isa = PBXBuildFile; fileRef = F6C4D51019C91DD900FB309E /* fgLevel025.m */; };
		F6C4D51419C9283900FB309E /* fgLevel026.m in Sources */ = {isa = PBXBuildFile; fileRef = F6C4D51319C9283900FB309E /* fgLevel026.m */; };
		F6C4D51719CD037C00FB309E /* fgLevel027.m in Sources */ = {isa = PBXBuildFile; fileRef = F6C4D51619CD037C00FB309E /* fgLevel027.m */; };
		F6C4D51A19CF2EB500FB309E /* fgLevel028.m in Sources */ = {isa = PBXBuildFile; fileRef = F6C4D51919CF2EB500FB309E /* fgLevel028.m */; };
		F6C4D51D19CF2EC900FB309E /* fgLevel037.m in Sources */ = {isa = PBXBuildFile; fileRef = F6C4D51C19CF2EC900FB309E /* fgLevel037.m */; };
		F6C4D52019CF386A00FB309E /* fgLevel029.m in Sources */ = {isa = PBXBuildFile; fileRef = F6C4D51F19CF386A00FB309E /* fgLevel029.m */; };
		F6C4D52319CFA11100FB309E /* fgLevel030.m in Sources */ = {isa = PBXBuildFile; fileRef = F6C4D52219CFA11100FB309E /* fgLevel030.m */; };
		F6C4D52619D2457A00FB309E /* fgLevel031.m in Sources */ = {isa = PBXBuildFile; fileRef = F6C4D52519D2457A00FB309E /* fgLevel031.m */; };
		F6C4D52919D87C1D00FB309E /* fgLevel032.m in Sources */ = {isa = PBXBuildFile; fileRef = F6C4D52819D87C1D00FB309E /* fgLevel032.m */; };
		F6C4D52C19D88CE400FB309E /* fgLevel033.m in Sources */ = {isa = PBXBuildFile; fileRef = F6C4D52B19D88CE400FB309E /* fgLevel033.m */; };
		F6DF01F718B598CC00E7DF6C /* fgDialogState.m in Sources */ = {isa = PBXBuildFile; fileRef = F6DF01F618B598CC00E7DF6C /* fgDialogState.m */; };
		F6DF022018BBEA8300E7DF6C /* fgPawnFeedbackCommand.m in Sources */ = {isa = PBXBuildFile; fileRef = F6DF021F18BBEA8300E7DF6C /* fgPawnFeedbackCommand.m */; };
		F6DF022318BC269500E7DF6C /* fgPlankFeedbackCommand.m in Sources */ = {isa = PBXBuildFile; fileRef = F6DF022218BC269500E7DF6C /* fgPlankFeedbackCommand.m */; };
		F6DF023018BED35A00E7DF6C /* fgHouseNode.m in Sources */ = {isa = PBXBuildFile; fileRef = F6DF022F18BED35A00E7DF6C /* fgHouseNode.m */; };
		F6EB416A18E8EFDA0017487E /* fgMenuState.m in Sources */ = {isa = PBXBuildFile; fileRef = F6EB416918E8EFDA0017487E /* fgMenuState.m */; };
		F6EB418018EB90AD0017487E /* spritesheet-menu.png in Resources */ = {isa = PBXBuildFile; fileRef = F6EB417F18EB90AD0017487E /* spritesheet-menu.png */; };
		F6EB418218EB90B90017487E /* background-menu.png in Resources */ = {isa = PBXBuildFile; fileRef = F6EB418118EB90B90017487E /* background-menu.png */; };
		F6EC62EB196F4E5B00B661B3 /* fgLevel023.m in Sources */ = {isa = PBXBuildFile; fileRef = F6EC62EA196F4E5B00B661B3 /* fgLevel023.m */; };
		F6EC62EE196F4E7E00B661B3 /* fgLevel024.m in Sources */ = {isa = PBXBuildFile; fileRef = F6EC62ED196F4E7E00B661B3 /* fgLevel024.m */; };
/* End PBXBuildFile section */

/* Begin PBXFileReference section */
		F60250C6187DDDC80029915C /* Tabulo.app */ = {isa = PBXFileReference; explicitFileType = wrapper.application; includeInIndex = 0; path = Tabulo.app; sourceTree = BUILT_PRODUCTS_DIR; };
		F60250CB187DDDC80029915C /* Foundation.framework */ = {isa = PBXFileReference; lastKnownFileType = wrapper.framework; name = Foundation.framework; path = System/Library/Frameworks/Foundation.framework; sourceTree = SDKROOT; };
		F60250CD187DDDC80029915C /* CoreGraphics.framework */ = {isa = PBXFileReference; lastKnownFileType = wrapper.framework; name = CoreGraphics.framework; path = System/Library/Frameworks/CoreGraphics.framework; sourceTree = SDKROOT; };
		F60250CF187DDDC80029915C /* GLKit.framework */ = {isa = PBXFileReference; lastKnownFileType = wrapper.framework; name = GLKit.framework; path = System/Library/Frameworks/GLKit.framework; sourceTree = SDKROOT; };
		F60250D1187DDDC80029915C /* OpenGLES.framework */ = {isa = PBXFileReference; lastKnownFileType = wrapper.framework; name = OpenGLES.framework; path = System/Library/Frameworks/OpenGLES.framework; sourceTree = SDKROOT; };
		F60250D5187DDDC80029915C /* Tabulo-Info.plist */ = {isa = PBXFileReference; lastKnownFileType = text.plist.xml; path = "Tabulo-Info.plist"; sourceTree = "<group>"; };
		F60250D7187DDDC80029915C /* en */ = {isa = PBXFileReference; lastKnownFileType = text.plist.strings; name = en; path = en.lproj/InfoPlist.strings; sourceTree = "<group>"; };
		F60250D9187DDDC80029915C /* main.m */ = {isa = PBXFileReference; lastKnownFileType = sourcecode.c.objc; path = main.m; sourceTree = "<group>"; };
		F60250DB187DDDC80029915C /* Tabulo-Prefix.pch */ = {isa = PBXFileReference; lastKnownFileType = sourcecode.c.h; path = "Tabulo-Prefix.pch"; sourceTree = "<group>"; };
		F60250FA187DDEFB0029915C /* fgAppDelegate.h */ = {isa = PBXFileReference; fileEncoding = 4; lastKnownFileType = sourcecode.c.h; path = fgAppDelegate.h; sourceTree = "<group>"; };
		F60250FB187DDEFB0029915C /* fgAppDelegate.m */ = {isa = PBXFileReference; fileEncoding = 4; lastKnownFileType = sourcecode.c.objc; path = fgAppDelegate.m; sourceTree = "<group>"; };
		F60250FC187DDEFB0029915C /* fgDataAdapter.h */ = {isa = PBXFileReference; fileEncoding = 4; lastKnownFileType = sourcecode.c.h; path = fgDataAdapter.h; sourceTree = "<group>"; };
		F60250FD187DDEFB0029915C /* fgDataAdapter.m */ = {isa = PBXFileReference; fileEncoding = 4; lastKnownFileType = sourcecode.c.objc; path = fgDataAdapter.m; sourceTree = "<group>"; };
		F60250FE187DDEFB0029915C /* fgGameAdapter.h */ = {isa = PBXFileReference; fileEncoding = 4; lastKnownFileType = sourcecode.c.h; path = fgGameAdapter.h; sourceTree = "<group>"; };
		F60250FF187DDEFB0029915C /* fgGameAdapter.m */ = {isa = PBXFileReference; fileEncoding = 4; lastKnownFileType = sourcecode.c.objc; path = fgGameAdapter.m; sourceTree = "<group>"; };
		F6025100187DDEFB0029915C /* fgViewAdapter.h */ = {isa = PBXFileReference; fileEncoding = 4; lastKnownFileType = sourcecode.c.h; path = fgViewAdapter.h; sourceTree = "<group>"; };
		F6025101187DDEFB0029915C /* fgViewAdapter.m */ = {isa = PBXFileReference; fileEncoding = 4; lastKnownFileType = sourcecode.c.objc; path = fgViewAdapter.m; sourceTree = "<group>"; };
		F6025102187DDEFB0029915C /* fgViewCanvas.h */ = {isa = PBXFileReference; fileEncoding = 4; lastKnownFileType = sourcecode.c.h; path = fgViewCanvas.h; sourceTree = "<group>"; };
		F6025103187DDEFB0029915C /* fgViewCanvas.m */ = {isa = PBXFileReference; fileEncoding = 4; lastKnownFileType = sourcecode.c.objc; path = fgViewCanvas.m; sourceTree = "<group>"; };
		F6118610188C545A004497C2 /* fgDragPawnOverEdge.h */ = {isa = PBXFileReference; fileEncoding = 4; lastKnownFileType = sourcecode.c.h; name = fgDragPawnOverEdge.h; path = Control/fgDragPawnOverEdge.h; sourceTree = "<group>"; };
		F6118611188C545A004497C2 /* fgDragPawnOverEdge.m */ = {isa = PBXFileReference; fileEncoding = 4; lastKnownFileType = sourcecode.c.objc; name = fgDragPawnOverEdge.m; path = Control/fgDragPawnOverEdge.m; sourceTree = "<group>"; };
		F6145D4E18B04D5C00924636 /* background-gameplay.png */ = {isa = PBXFileReference; lastKnownFileType = image.png; path = "background-gameplay.png"; sourceTree = "<group>"; };
		F6145D5418B1B24200924636 /* fgTabuloEvent.h */ = {isa = PBXFileReference; fileEncoding = 4; lastKnownFileType = sourcecode.c.h; name = fgTabuloEvent.h; path = Control/fgTabuloEvent.h; sourceTree = "<group>"; };
		F6145D5518B1B24200924636 /* fgTabuloEvent.m */ = {isa = PBXFileReference; fileEncoding = 4; lastKnownFileType = sourcecode.c.objc; name = fgTabuloEvent.m; path = Control/fgTabuloEvent.m; sourceTree = "<group>"; };
		F6145D5718B2F3ED00924636 /* fgLevelState.h */ = {isa = PBXFileReference; fileEncoding = 4; lastKnownFileType = sourcecode.c.h; name = fgLevelState.h; path = Control/fgLevelState.h; sourceTree = "<group>"; };
		F6145D5818B2F3ED00924636 /* fgLevelState.m */ = {isa = PBXFileReference; fileEncoding = 4; lastKnownFileType = sourcecode.c.objc; name = fgLevelState.m; path = Control/fgLevelState.m; sourceTree = "<group>"; };
		F61CD763193EBDEC006F3C04 /* libFramework.a */ = {isa = PBXFileReference; lastKnownFileType = archive.ar; name = libFramework.a; path = "../../Library/Developer/Xcode/DerivedData/TabuloGame-dvquwkaaxqsgewbeorclhpcfvyxb/Build/Products/Debug-iphoneos/libFramework.a"; sourceTree = "<group>"; };
		F61CD765193EBEED006F3C04 /* GameKit.framework */ = {isa = PBXFileReference; lastKnownFileType = wrapper.framework; name = GameKit.framework; path = System/Library/Frameworks/GameKit.framework; sourceTree = SDKROOT; };
		F61CD767193EBEF3006F3C04 /* StoreKit.framework */ = {isa = PBXFileReference; lastKnownFileType = wrapper.framework; name = StoreKit.framework; path = System/Library/Frameworks/StoreKit.framework; sourceTree = SDKROOT; };
		F61CD769193EC146006F3C04 /* UIKit.framework */ = {isa = PBXFileReference; lastKnownFileType = wrapper.framework; name = UIKit.framework; path = System/Library/Frameworks/UIKit.framework; sourceTree = SDKROOT; };
		F61CD77419589C49006F3C04 /* fgLevel001.h */ = {isa = PBXFileReference; fileEncoding = 4; lastKnownFileType = sourcecode.c.h; name = fgLevel001.h; path = Editor/fgLevel001.h; sourceTree = "<group>"; };
		F61CD77519589C49006F3C04 /* fgLevel001.m */ = {isa = PBXFileReference; fileEncoding = 4; lastKnownFileType = sourcecode.c.objc; name = fgLevel001.m; path = Editor/fgLevel001.m; sourceTree = "<group>"; };
		F61CD77719589CF7006F3C04 /* fgTabuloHeader.h */ = {isa = PBXFileReference; lastKnownFileType = sourcecode.c.h; name = fgTabuloHeader.h; path = Editor/fgTabuloHeader.h; sourceTree = "<group>"; };
		F61CD7791958A030006F3C04 /* fgTabuloScene.h */ = {isa = PBXFileReference; fileEncoding = 4; lastKnownFileType = sourcecode.c.h; name = fgTabuloScene.h; path = Editor/fgTabuloScene.h; sourceTree = "<group>"; };
		F61CD77A1958A030006F3C04 /* fgTabuloScene.m */ = {isa = PBXFileReference; fileEncoding = 4; lastKnownFileType = sourcecode.c.objc; name = fgTabuloScene.m; path = Editor/fgTabuloScene.m; sourceTree = "<group>"; };
		F61CD77C1958A291006F3C04 /* fgTabuloGame.h */ = {isa = PBXFileReference; fileEncoding = 4; lastKnownFileType = sourcecode.c.h; name = fgTabuloGame.h; path = Editor/fgTabuloGame.h; sourceTree = "<group>"; };
		F61CD77D1958A291006F3C04 /* fgTabuloGame.m */ = {isa = PBXFileReference; fileEncoding = 4; lastKnownFileType = sourcecode.c.objc; name = fgTabuloGame.m; path = Editor/fgTabuloGame.m; sourceTree = "<group>"; };
		F61CD7801958D385006F3C04 /* fgLevel019.h */ = {isa = PBXFileReference; fileEncoding = 4; lastKnownFileType = sourcecode.c.h; name = fgLevel019.h; path = Editor/fgLevel019.h; sourceTree = "<group>"; };
		F61CD7811958D385006F3C04 /* fgLevel019.m */ = {isa = PBXFileReference; fileEncoding = 4; lastKnownFileType = sourcecode.c.objc; name = fgLevel019.m; path = Editor/fgLevel019.m; sourceTree = "<group>"; };
		F61CD7831958D6EC006F3C04 /* fgLevel003.h */ = {isa = PBXFileReference; fileEncoding = 4; lastKnownFileType = sourcecode.c.h; name = fgLevel003.h; path = Editor/fgLevel003.h; sourceTree = "<group>"; };
		F61CD7841958D6EC006F3C04 /* fgLevel003.m */ = {isa = PBXFileReference; fileEncoding = 4; lastKnownFileType = sourcecode.c.objc; name = fgLevel003.m; path = Editor/fgLevel003.m; sourceTree = "<group>"; };
		F61CD789195CA4D0006F3C04 /* fgLevel002.h */ = {isa = PBXFileReference; fileEncoding = 4; lastKnownFileType = sourcecode.c.h; name = fgLevel002.h; path = Editor/fgLevel002.h; sourceTree = "<group>"; };
		F61CD78A195CA4D0006F3C04 /* fgLevel002.m */ = {isa = PBXFileReference; fileEncoding = 4; lastKnownFileType = sourcecode.c.objc; name = fgLevel002.m; path = Editor/fgLevel002.m; sourceTree = "<group>"; };
		F61CD78C195CA7BA006F3C04 /* fgLevel004.h */ = {isa = PBXFileReference; fileEncoding = 4; lastKnownFileType = sourcecode.c.h; name = fgLevel004.h; path = Editor/fgLevel004.h; sourceTree = "<group>"; };
		F61CD78D195CA7BA006F3C04 /* fgLevel004.m */ = {isa = PBXFileReference; fileEncoding = 4; lastKnownFileType = sourcecode.c.objc; name = fgLevel004.m; path = Editor/fgLevel004.m; sourceTree = "<group>"; };
		F61CD78F195CA824006F3C04 /* fgLevel005.h */ = {isa = PBXFileReference; fileEncoding = 4; lastKnownFileType = sourcecode.c.h; name = fgLevel005.h; path = Editor/fgLevel005.h; sourceTree = "<group>"; };
		F61CD790195CA824006F3C04 /* fgLevel005.m */ = {isa = PBXFileReference; fileEncoding = 4; lastKnownFileType = sourcecode.c.objc; name = fgLevel005.m; path = Editor/fgLevel005.m; sourceTree = "<group>"; };
		F61CD792195CA83A006F3C04 /* fgLevel006.h */ = {isa = PBXFileReference; fileEncoding = 4; lastKnownFileType = sourcecode.c.h; name = fgLevel006.h; path = Editor/fgLevel006.h; sourceTree = "<group>"; };
		F61CD793195CA83A006F3C04 /* fgLevel006.m */ = {isa = PBXFileReference; fileEncoding = 4; lastKnownFileType = sourcecode.c.objc; name = fgLevel006.m; path = Editor/fgLevel006.m; sourceTree = "<group>"; };
		F61CD795195E15D4006F3C04 /* fgLevel007.h */ = {isa = PBXFileReference; fileEncoding = 4; lastKnownFileType = sourcecode.c.h; name = fgLevel007.h; path = Editor/fgLevel007.h; sourceTree = "<group>"; };
		F61CD796195E15D4006F3C04 /* fgLevel007.m */ = {isa = PBXFileReference; fileEncoding = 4; lastKnownFileType = sourcecode.c.objc; name = fgLevel007.m; path = Editor/fgLevel007.m; sourceTree = "<group>"; };
		F61CD798195E1609006F3C04 /* fgLevel008.h */ = {isa = PBXFileReference; fileEncoding = 4; lastKnownFileType = sourcecode.c.h; name = fgLevel008.h; path = Editor/fgLevel008.h; sourceTree = "<group>"; };
		F61CD799195E1609006F3C04 /* fgLevel008.m */ = {isa = PBXFileReference; fileEncoding = 4; lastKnownFileType = sourcecode.c.objc; name = fgLevel008.m; path = Editor/fgLevel008.m; sourceTree = "<group>"; };
		F61CD79B195E1624006F3C04 /* fgLevel009.h */ = {isa = PBXFileReference; fileEncoding = 4; lastKnownFileType = sourcecode.c.h; name = fgLevel009.h; path = Editor/fgLevel009.h; sourceTree = "<group>"; };
		F61CD79C195E1624006F3C04 /* fgLevel009.m */ = {isa = PBXFileReference; fileEncoding = 4; lastKnownFileType = sourcecode.c.objc; name = fgLevel009.m; path = Editor/fgLevel009.m; sourceTree = "<group>"; };
		F61CD79E195E1640006F3C04 /* fgLevel010.h */ = {isa = PBXFileReference; fileEncoding = 4; lastKnownFileType = sourcecode.c.h; name = fgLevel010.h; path = Editor/fgLevel010.h; sourceTree = "<group>"; };
		F61CD79F195E1640006F3C04 /* fgLevel010.m */ = {isa = PBXFileReference; fileEncoding = 4; lastKnownFileType = sourcecode.c.objc; name = fgLevel010.m; path = Editor/fgLevel010.m; sourceTree = "<group>"; };
		F61CD7A1195E165A006F3C04 /* fgLevel011.h */ = {isa = PBXFileReference; fileEncoding = 4; lastKnownFileType = sourcecode.c.h; name = fgLevel011.h; path = Editor/fgLevel011.h; sourceTree = "<group>"; };
		F61CD7A2195E165A006F3C04 /* fgLevel011.m */ = {isa = PBXFileReference; fileEncoding = 4; lastKnownFileType = sourcecode.c.objc; name = fgLevel011.m; path = Editor/fgLevel011.m; sourceTree = "<group>"; };
		F61CD7A4195E1675006F3C04 /* fgLevel012.h */ = {isa = PBXFileReference; fileEncoding = 4; lastKnownFileType = sourcecode.c.h; name = fgLevel012.h; path = Editor/fgLevel012.h; sourceTree = "<group>"; };
		F61CD7A5195E1675006F3C04 /* fgLevel012.m */ = {isa = PBXFileReference; fileEncoding = 4; lastKnownFileType = sourcecode.c.objc; name = fgLevel012.m; path = Editor/fgLevel012.m; sourceTree = "<group>"; };
		F61CD7A7195E168E006F3C04 /* fgLevel013.h */ = {isa = PBXFileReference; fileEncoding = 4; lastKnownFileType = sourcecode.c.h; name = fgLevel013.h; path = Editor/fgLevel013.h; sourceTree = "<group>"; };
		F61CD7A8195E168E006F3C04 /* fgLevel013.m */ = {isa = PBXFileReference; fileEncoding = 4; lastKnownFileType = sourcecode.c.objc; name = fgLevel013.m; path = Editor/fgLevel013.m; sourceTree = "<group>"; };
		F61CD7AA195E16BB006F3C04 /* fgLevel014.h */ = {isa = PBXFileReference; fileEncoding = 4; lastKnownFileType = sourcecode.c.h; name = fgLevel014.h; path = Editor/fgLevel014.h; sourceTree = "<group>"; };
		F61CD7AB195E16BB006F3C04 /* fgLevel014.m */ = {isa = PBXFileReference; fileEncoding = 4; lastKnownFileType = sourcecode.c.objc; name = fgLevel014.m; path = Editor/fgLevel014.m; sourceTree = "<group>"; };
		F61CD7AD195E16D8006F3C04 /* fgLevel015.h */ = {isa = PBXFileReference; fileEncoding = 4; lastKnownFileType = sourcecode.c.h; name = fgLevel015.h; path = Editor/fgLevel015.h; sourceTree = "<group>"; };
		F61CD7AE195E16D8006F3C04 /* fgLevel015.m */ = {isa = PBXFileReference; fileEncoding = 4; lastKnownFileType = sourcecode.c.objc; name = fgLevel015.m; path = Editor/fgLevel015.m; sourceTree = "<group>"; };
		F61CD7B0195E16F1006F3C04 /* fgLevel016.h */ = {isa = PBXFileReference; fileEncoding = 4; lastKnownFileType = sourcecode.c.h; name = fgLevel016.h; path = Editor/fgLevel016.h; sourceTree = "<group>"; };
		F61CD7B1195E16F1006F3C04 /* fgLevel016.m */ = {isa = PBXFileReference; fileEncoding = 4; lastKnownFileType = sourcecode.c.objc; name = fgLevel016.m; path = Editor/fgLevel016.m; sourceTree = "<group>"; };
		F61CD7B3195E170C006F3C04 /* fgLevel017.h */ = {isa = PBXFileReference; fileEncoding = 4; lastKnownFileType = sourcecode.c.h; name = fgLevel017.h; path = Editor/fgLevel017.h; sourceTree = "<group>"; };
		F61CD7B4195E170C006F3C04 /* fgLevel017.m */ = {isa = PBXFileReference; fileEncoding = 4; lastKnownFileType = sourcecode.c.objc; name = fgLevel017.m; path = Editor/fgLevel017.m; sourceTree = "<group>"; };
		F61CD7B6195E172A006F3C04 /* fgLevel018.h */ = {isa = PBXFileReference; fileEncoding = 4; lastKnownFileType = sourcecode.c.h; name = fgLevel018.h; path = Editor/fgLevel018.h; sourceTree = "<group>"; };
		F61CD7B7195E172A006F3C04 /* fgLevel018.m */ = {isa = PBXFileReference; fileEncoding = 4; lastKnownFileType = sourcecode.c.objc; name = fgLevel018.m; path = Editor/fgLevel018.m; sourceTree = "<group>"; };
		F61CD7B919687DCC006F3C04 /* fgLevel021.h */ = {isa = PBXFileReference; fileEncoding = 4; lastKnownFileType = sourcecode.c.h; name = fgLevel021.h; path = Editor/fgLevel021.h; sourceTree = "<group>"; };
		F61CD7BA19687DCC006F3C04 /* fgLevel021.m */ = {isa = PBXFileReference; fileEncoding = 4; lastKnownFileType = sourcecode.c.objc; name = fgLevel021.m; path = Editor/fgLevel021.m; sourceTree = "<group>"; };
		F61CD7BC19688C16006F3C04 /* fgLevel020.h */ = {isa = PBXFileReference; fileEncoding = 4; lastKnownFileType = sourcecode.c.h; name = fgLevel020.h; path = Editor/fgLevel020.h; sourceTree = "<group>"; };
		F61CD7BD19688C16006F3C04 /* fgLevel020.m */ = {isa = PBXFileReference; fileEncoding = 4; lastKnownFileType = sourcecode.c.objc; name = fgLevel020.m; path = Editor/fgLevel020.m; sourceTree = "<group>"; };
		F6494ED71969DBB700339F70 /* fgLevel022.h */ = {isa = PBXFileReference; fileEncoding = 4; lastKnownFileType = sourcecode.c.h; name = fgLevel022.h; path = Editor/fgLevel022.h; sourceTree = "<group>"; };
		F6494ED81969DBB700339F70 /* fgLevel022.m */ = {isa = PBXFileReference; fileEncoding = 4; lastKnownFileType = sourcecode.c.objc; name = fgLevel022.m; path = Editor/fgLevel022.m; sourceTree = "<group>"; };
		F682186C189F444D0041DA80 /* fgEventOnClick.h */ = {isa = PBXFileReference; fileEncoding = 4; lastKnownFileType = sourcecode.c.h; name = fgEventOnClick.h; path = Control/fgEventOnClick.h; sourceTree = "<group>"; };
		F682186D189F444D0041DA80 /* fgEventOnClick.m */ = {isa = PBXFileReference; fileEncoding = 4; lastKnownFileType = sourcecode.c.objc; name = fgEventOnClick.m; path = Control/fgEventOnClick.m; sourceTree = "<group>"; };
		F69231B919C61F650046B322 /* fgDragPlankAroundNode.h */ = {isa = PBXFileReference; fileEncoding = 4; lastKnownFileType = sourcecode.c.h; name = fgDragPlankAroundNode.h; path = Control/fgDragPlankAroundNode.h; sourceTree = "<group>"; };
		F69231BA19C61F650046B322 /* fgDragPlankAroundNode.m */ = {isa = PBXFileReference; fileEncoding = 4; lastKnownFileType = sourcecode.c.objc; name = fgDragPlankAroundNode.m; path = Control/fgDragPlankAroundNode.m; sourceTree = "<group>"; };
		F6959B5A19E707340069D07B /* fgLevel034.h */ = {isa = PBXFileReference; fileEncoding = 4; lastKnownFileType = sourcecode.c.h; name = fgLevel034.h; path = Editor/fgLevel034.h; sourceTree = "<group>"; };
		F6959B5B19E707340069D07B /* fgLevel034.m */ = {isa = PBXFileReference; fileEncoding = 4; lastKnownFileType = sourcecode.c.objc; name = fgLevel034.m; path = Editor/fgLevel034.m; sourceTree = "<group>"; };
		F6959B5D19E720560069D07B /* fgLevel035.h */ = {isa = PBXFileReference; fileEncoding = 4; lastKnownFileType = sourcecode.c.h; name = fgLevel035.h; path = Editor/fgLevel035.h; sourceTree = "<group>"; };
		F6959B5E19E720560069D07B /* fgLevel035.m */ = {isa = PBXFileReference; fileEncoding = 4; lastKnownFileType = sourcecode.c.objc; name = fgLevel035.m; path = Editor/fgLevel035.m; sourceTree = "<group>"; };
		F6959B6019E74C130069D07B /* fgLevel036.h */ = {isa = PBXFileReference; fileEncoding = 4; lastKnownFileType = sourcecode.c.h; name = fgLevel036.h; path = Editor/fgLevel036.h; sourceTree = "<group>"; };
		F6959B6119E74C130069D07B /* fgLevel036.m */ = {isa = PBXFileReference; fileEncoding = 4; lastKnownFileType = sourcecode.c.objc; name = fgLevel036.m; path = Editor/fgLevel036.m; sourceTree = "<group>"; };
		F6A6CA61187DF1AC006AAE57 /* fgTabuloDirector.h */ = {isa = PBXFileReference; fileEncoding = 4; lastKnownFileType = sourcecode.c.h; name = fgTabuloDirector.h; path = View/fgTabuloDirector.h; sourceTree = "<group>"; };
		F6A6CA62187DF1AC006AAE57 /* fgTabuloDirector.m */ = {isa = PBXFileReference; fileEncoding = 4; lastKnownFileType = sourcecode.c.objc; name = fgTabuloDirector.m; path = View/fgTabuloDirector.m; sourceTree = "<group>"; };
		F6AA4C6B19283C3E00E93CAF /* Images.xcassets */ = {isa = PBXFileReference; lastKnownFileType = folder.assetcatalog; name = Images.xcassets; path = Tabulo/Images.xcassets; sourceTree = "<group>"; };
		F6BDB2AD18C16E0700430653 /* spritesheet-gameplay.png */ = {isa = PBXFileReference; lastKnownFileType = image.png; path = "spritesheet-gameplay.png"; sourceTree = "<group>"; };
		F6BDB2AF18C2733000430653 /* fgRemoveFeedbackCommand.h */ = {isa = PBXFileReference; fileEncoding = 4; lastKnownFileType = sourcecode.c.h; name = fgRemoveFeedbackCommand.h; path = Control/fgRemoveFeedbackCommand.h; sourceTree = "<group>"; };
		F6BDB2B018C2733000430653 /* fgRemoveFeedbackCommand.m */ = {isa = PBXFileReference; fileEncoding = 4; lastKnownFileType = sourcecode.c.objc; name = fgRemoveFeedbackCommand.m; path = Control/fgRemoveFeedbackCommand.m; sourceTree = "<group>"; };
		F6BDB2B718C2DAD600430653 /* fgPawnEdge.h */ = {isa = PBXFileReference; fileEncoding = 4; lastKnownFileType = sourcecode.c.h; name = fgPawnEdge.h; path = Control/fgPawnEdge.h; sourceTree = "<group>"; };
		F6BDB2B818C2DAD600430653 /* fgPawnEdge.m */ = {isa = PBXFileReference; fileEncoding = 4; lastKnownFileType = sourcecode.c.objc; name = fgPawnEdge.m; path = Control/fgPawnEdge.m; sourceTree = "<group>"; };
		F6BDB2BA18C2DAEF00430653 /* fgPlankEdge.h */ = {isa = PBXFileReference; fileEncoding = 4; lastKnownFileType = sourcecode.c.h; name = fgPlankEdge.h; path = Control/fgPlankEdge.h; sourceTree = "<group>"; };
		F6BDB2BB18C2DAEF00430653 /* fgPlankEdge.m */ = {isa = PBXFileReference; fileEncoding = 4; lastKnownFileType = sourcecode.c.objc; name = fgPlankEdge.m; path = Control/fgPlankEdge.m; sourceTree = "<group>"; };
		F6BDB2C918CD64A300430653 /* Content */ = {isa = PBXFileReference; lastKnownFileType = folder; name = Content; path = Tabulo/Content; sourceTree = "<group>"; };
		F6C4D50F19C91DD900FB309E /* fgLevel025.h */ = {isa = PBXFileReference; fileEncoding = 4; lastKnownFileType = sourcecode.c.h; name = fgLevel025.h; path = Editor/fgLevel025.h; sourceTree = "<group>"; };
		F6C4D51019C91DD900FB309E /* fgLevel025.m */ = {isa = PBXFileReference; fileEncoding = 4; lastKnownFileType = sourcecode.c.objc; name = fgLevel025.m; path = Editor/fgLevel025.m; sourceTree = "<group>"; };
		F6C4D51219C9283900FB309E /* fgLevel026.h */ = {isa = PBXFileReference; fileEncoding = 4; lastKnownFileType = sourcecode.c.h; name = fgLevel026.h; path = Editor/fgLevel026.h; sourceTree = "<group>"; };
		F6C4D51319C9283900FB309E /* fgLevel026.m */ = {isa = PBXFileReference; fileEncoding = 4; lastKnownFileType = sourcecode.c.objc; name = fgLevel026.m; path = Editor/fgLevel026.m; sourceTree = "<group>"; };
		F6C4D51519CD037C00FB309E /* fgLevel027.h */ = {isa = PBXFileReference; fileEncoding = 4; lastKnownFileType = sourcecode.c.h; name = fgLevel027.h; path = Editor/fgLevel027.h; sourceTree = "<group>"; };
		F6C4D51619CD037C00FB309E /* fgLevel027.m */ = {isa = PBXFileReference; fileEncoding = 4; lastKnownFileType = sourcecode.c.objc; name = fgLevel027.m; path = Editor/fgLevel027.m; sourceTree = "<group>"; };
		F6C4D51819CF2EB500FB309E /* fgLevel028.h */ = {isa = PBXFileReference; fileEncoding = 4; lastKnownFileType = sourcecode.c.h; name = fgLevel028.h; path = Editor/fgLevel028.h; sourceTree = "<group>"; };
		F6C4D51919CF2EB500FB309E /* fgLevel028.m */ = {isa = PBXFileReference; fileEncoding = 4; lastKnownFileType = sourcecode.c.objc; name = fgLevel028.m; path = Editor/fgLevel028.m; sourceTree = "<group>"; };
		F6C4D51B19CF2EC900FB309E /* fgLevel037.h */ = {isa = PBXFileReference; fileEncoding = 4; lastKnownFileType = sourcecode.c.h; name = fgLevel037.h; path = Editor/fgLevel037.h; sourceTree = "<group>"; };
		F6C4D51C19CF2EC900FB309E /* fgLevel037.m */ = {isa = PBXFileReference; fileEncoding = 4; lastKnownFileType = sourcecode.c.objc; name = fgLevel037.m; path = Editor/fgLevel037.m; sourceTree = "<group>"; };
		F6C4D51E19CF386A00FB309E /* fgLevel029.h */ = {isa = PBXFileReference; fileEncoding = 4; lastKnownFileType = sourcecode.c.h; name = fgLevel029.h; path = Editor/fgLevel029.h; sourceTree = "<group>"; };
		F6C4D51F19CF386A00FB309E /* fgLevel029.m */ = {isa = PBXFileReference; fileEncoding = 4; lastKnownFileType = sourcecode.c.objc; name = fgLevel029.m; path = Editor/fgLevel029.m; sourceTree = "<group>"; };
		F6C4D52119CFA11100FB309E /* fgLevel030.h */ = {isa = PBXFileReference; fileEncoding = 4; lastKnownFileType = sourcecode.c.h; name = fgLevel030.h; path = Editor/fgLevel030.h; sourceTree = "<group>"; };
		F6C4D52219CFA11100FB309E /* fgLevel030.m */ = {isa = PBXFileReference; fileEncoding = 4; lastKnownFileType = sourcecode.c.objc; name = fgLevel030.m; path = Editor/fgLevel030.m; sourceTree = "<group>"; };
		F6C4D52419D2457A00FB309E /* fgLevel031.h */ = {isa = PBXFileReference; fileEncoding = 4; lastKnownFileType = sourcecode.c.h; name = fgLevel031.h; path = Editor/fgLevel031.h; sourceTree = "<group>"; };
		F6C4D52519D2457A00FB309E /* fgLevel031.m */ = {isa = PBXFileReference; fileEncoding = 4; lastKnownFileType = sourcecode.c.objc; name = fgLevel031.m; path = Editor/fgLevel031.m; sourceTree = "<group>"; };
		F6C4D52719D87C1D00FB309E /* fgLevel032.h */ = {isa = PBXFileReference; fileEncoding = 4; lastKnownFileType = sourcecode.c.h; name = fgLevel032.h; path = Editor/fgLevel032.h; sourceTree = "<group>"; };
		F6C4D52819D87C1D00FB309E /* fgLevel032.m */ = {isa = PBXFileReference; fileEncoding = 4; lastKnownFileType = sourcecode.c.objc; name = fgLevel032.m; path = Editor/fgLevel032.m; sourceTree = "<group>"; };
		F6C4D52A19D88CE400FB309E /* fgLevel033.h */ = {isa = PBXFileReference; fileEncoding = 4; lastKnownFileType = sourcecode.c.h; name = fgLevel033.h; path = Editor/fgLevel033.h; sourceTree = "<group>"; };
		F6C4D52B19D88CE400FB309E /* fgLevel033.m */ = {isa = PBXFileReference; fileEncoding = 4; lastKnownFileType = sourcecode.c.objc; name = fgLevel033.m; path = Editor/fgLevel033.m; sourceTree = "<group>"; };
		F6DF01F518B598CC00E7DF6C /* fgDialogState.h */ = {isa = PBXFileReference; fileEncoding = 4; lastKnownFileType = sourcecode.c.h; name = fgDialogState.h; path = Control/fgDialogState.h; sourceTree = "<group>"; };
		F6DF01F618B598CC00E7DF6C /* fgDialogState.m */ = {isa = PBXFileReference; fileEncoding = 4; lastKnownFileType = sourcecode.c.objc; name = fgDialogState.m; path = Control/fgDialogState.m; sourceTree = "<group>"; };
		F6DF021E18BBEA8300E7DF6C /* fgPawnFeedbackCommand.h */ = {isa = PBXFileReference; fileEncoding = 4; lastKnownFileType = sourcecode.c.h; name = fgPawnFeedbackCommand.h; path = Control/fgPawnFeedbackCommand.h; sourceTree = "<group>"; };
		F6DF021F18BBEA8300E7DF6C /* fgPawnFeedbackCommand.m */ = {isa = PBXFileReference; fileEncoding = 4; lastKnownFileType = sourcecode.c.objc; name = fgPawnFeedbackCommand.m; path = Control/fgPawnFeedbackCommand.m; sourceTree = "<group>"; };
		F6DF022118BC269500E7DF6C /* fgPlankFeedbackCommand.h */ = {isa = PBXFileReference; fileEncoding = 4; lastKnownFileType = sourcecode.c.h; name = fgPlankFeedbackCommand.h; path = Control/fgPlankFeedbackCommand.h; sourceTree = "<group>"; };
		F6DF022218BC269500E7DF6C /* fgPlankFeedbackCommand.m */ = {isa = PBXFileReference; fileEncoding = 4; lastKnownFileType = sourcecode.c.objc; name = fgPlankFeedbackCommand.m; path = Control/fgPlankFeedbackCommand.m; sourceTree = "<group>"; };
		F6DF022E18BED35A00E7DF6C /* fgHouseNode.h */ = {isa = PBXFileReference; fileEncoding = 4; lastKnownFileType = sourcecode.c.h; name = fgHouseNode.h; path = Control/fgHouseNode.h; sourceTree = "<group>"; };
		F6DF022F18BED35A00E7DF6C /* fgHouseNode.m */ = {isa = PBXFileReference; fileEncoding = 4; lastKnownFileType = sourcecode.c.objc; name = fgHouseNode.m; path = Control/fgHouseNode.m; sourceTree = "<group>"; };
		F6EB416818E8EFDA0017487E /* fgMenuState.h */ = {isa = PBXFileReference; fileEncoding = 4; lastKnownFileType = sourcecode.c.h; name = fgMenuState.h; path = Control/fgMenuState.h; sourceTree = "<group>"; };
		F6EB416918E8EFDA0017487E /* fgMenuState.m */ = {isa = PBXFileReference; fileEncoding = 4; lastKnownFileType = sourcecode.c.objc; name = fgMenuState.m; path = Control/fgMenuState.m; sourceTree = "<group>"; };
		F6EB417F18EB90AD0017487E /* spritesheet-menu.png */ = {isa = PBXFileReference; lastKnownFileType = image.png; path = "spritesheet-menu.png"; sourceTree = "<group>"; };
		F6EB418118EB90B90017487E /* background-menu.png */ = {isa = PBXFileReference; lastKnownFileType = image.png; path = "background-menu.png"; sourceTree = "<group>"; };
		F6EC62E9196F4E5B00B661B3 /* fgLevel023.h */ = {isa = PBXFileReference; fileEncoding = 4; lastKnownFileType = sourcecode.c.h; name = fgLevel023.h; path = Editor/fgLevel023.h; sourceTree = "<group>"; };
		F6EC62EA196F4E5B00B661B3 /* fgLevel023.m */ = {isa = PBXFileReference; fileEncoding = 4; lastKnownFileType = sourcecode.c.objc; name = fgLevel023.m; path = Editor/fgLevel023.m; sourceTree = "<group>"; };
		F6EC62EC196F4E7E00B661B3 /* fgLevel024.h */ = {isa = PBXFileReference; fileEncoding = 4; lastKnownFileType = sourcecode.c.h; name = fgLevel024.h; path = Editor/fgLevel024.h; sourceTree = "<group>"; };
		F6EC62ED196F4E7E00B661B3 /* fgLevel024.m */ = {isa = PBXFileReference; fileEncoding = 4; lastKnownFileType = sourcecode.c.objc; name = fgLevel024.m; path = Editor/fgLevel024.m; sourceTree = "<group>"; };
/* End PBXFileReference section */

/* Begin PBXFrameworksBuildPhase section */
		F60250C3187DDDC80029915C /* Frameworks */ = {
			isa = PBXFrameworksBuildPhase;
			buildActionMask = 2147483647;
			files = (
				F61CD76A193EC146006F3C04 /* UIKit.framework in Frameworks */,
				F61CD764193EBDEC006F3C04 /* libFramework.a in Frameworks */,
				F61CD766193EBEED006F3C04 /* GameKit.framework in Frameworks */,
				F61CD768193EBEF3006F3C04 /* StoreKit.framework in Frameworks */,
				F60250CC187DDDC80029915C /* Foundation.framework in Frameworks */,
				F60250CE187DDDC80029915C /* CoreGraphics.framework in Frameworks */,
				F60250D0187DDDC80029915C /* GLKit.framework in Frameworks */,
				F60250D2187DDDC80029915C /* OpenGLES.framework in Frameworks */,
			);
			runOnlyForDeploymentPostprocessing = 0;
		};
/* End PBXFrameworksBuildPhase section */

/* Begin PBXGroup section */
		F60250BD187DDDC80029915C = {
			isa = PBXGroup;
			children = (
				F6AA4C6B19283C3E00E93CAF /* Images.xcassets */,
				F6BDB2C918CD64A300430653 /* Content */,
				F60250D3187DDDC80029915C /* Tabulo */,
				F60250C8187DDDC80029915C /* Frameworks */,
				F60250C7187DDDC80029915C /* Products */,
			);
			sourceTree = "<group>";
		};
		F60250C7187DDDC80029915C /* Products */ = {
			isa = PBXGroup;
			children = (
				F60250C6187DDDC80029915C /* Tabulo.app */,
			);
			name = Products;
			sourceTree = "<group>";
		};
		F60250C8187DDDC80029915C /* Frameworks */ = {
			isa = PBXGroup;
			children = (
				F61CD763193EBDEC006F3C04 /* libFramework.a */,
				F60250CB187DDDC80029915C /* Foundation.framework */,
				F60250CD187DDDC80029915C /* CoreGraphics.framework */,
				F61CD769193EC146006F3C04 /* UIKit.framework */,
				F60250CF187DDDC80029915C /* GLKit.framework */,
				F60250D1187DDDC80029915C /* OpenGLES.framework */,
				F61CD765193EBEED006F3C04 /* GameKit.framework */,
				F61CD767193EBEF3006F3C04 /* StoreKit.framework */,
			);
			name = Frameworks;
			sourceTree = "<group>";
		};
		F60250D3187DDDC80029915C /* Tabulo */ = {
			isa = PBXGroup;
			children = (
				F682185E189736720041DA80 /* Adapter */,
				F6A6CA80188096F8006AAE57 /* Control */,
				F6A6CA60187DF175006AAE57 /* View */,
				F60250D4187DDDC80029915C /* Supporting Files */,
			);
			path = Tabulo;
			sourceTree = "<group>";
		};
		F60250D4187DDDC80029915C /* Supporting Files */ = {
			isa = PBXGroup;
			children = (
				F60250D9187DDDC80029915C /* main.m */,
				F60250D6187DDDC80029915C /* InfoPlist.strings */,
				F60250D5187DDDC80029915C /* Tabulo-Info.plist */,
				F60250DB187DDDC80029915C /* Tabulo-Prefix.pch */,
				F6EB418118EB90B90017487E /* background-menu.png */,
				F6145D4E18B04D5C00924636 /* background-gameplay.png */,
				F6EB417F18EB90AD0017487E /* spritesheet-menu.png */,
				F6BDB2AD18C16E0700430653 /* spritesheet-gameplay.png */,
			);
			name = "Supporting Files";
			sourceTree = "<group>";
		};
		F6118608188C4E22004497C2 /* Graph */ = {
			isa = PBXGroup;
			children = (
				F6DF022E18BED35A00E7DF6C /* fgHouseNode.h */,
				F6DF022F18BED35A00E7DF6C /* fgHouseNode.m */,
				F6BDB2B718C2DAD600430653 /* fgPawnEdge.h */,
				F6BDB2B818C2DAD600430653 /* fgPawnEdge.m */,
				F6BDB2BA18C2DAEF00430653 /* fgPlankEdge.h */,
				F6BDB2BB18C2DAEF00430653 /* fgPlankEdge.m */,
			);
			name = Graph;
			sourceTree = "<group>";
		};
		F611860C188C4F46004497C2 /* State */ = {
			isa = PBXGroup;
			children = (
				F6145D5718B2F3ED00924636 /* fgLevelState.h */,
				F6145D5818B2F3ED00924636 /* fgLevelState.m */,
				F6EB416818E8EFDA0017487E /* fgMenuState.h */,
				F6EB416918E8EFDA0017487E /* fgMenuState.m */,
				F6DF01F518B598CC00E7DF6C /* fgDialogState.h */,
				F6DF01F618B598CC00E7DF6C /* fgDialogState.m */,
				F682186C189F444D0041DA80 /* fgEventOnClick.h */,
				F682186D189F444D0041DA80 /* fgEventOnClick.m */,
				F6118610188C545A004497C2 /* fgDragPawnOverEdge.h */,
				F6118611188C545A004497C2 /* fgDragPawnOverEdge.m */,
				F69231B919C61F650046B322 /* fgDragPlankAroundNode.h */,
				F69231BA19C61F650046B322 /* fgDragPlankAroundNode.m */,
			);
			name = State;
			sourceTree = "<group>";
		};
		F61CD77319589BD6006F3C04 /* Editor */ = {
			isa = PBXGroup;
			children = (
				F61CD77719589CF7006F3C04 /* fgTabuloHeader.h */,
				F61CD7791958A030006F3C04 /* fgTabuloScene.h */,
				F61CD77A1958A030006F3C04 /* fgTabuloScene.m */,
				F61CD77C1958A291006F3C04 /* fgTabuloGame.h */,
				F61CD77D1958A291006F3C04 /* fgTabuloGame.m */,
				F61CD77F1958D172006F3C04 /* Data */,
			);
			name = Editor;
			sourceTree = "<group>";
		};
		F61CD77F1958D172006F3C04 /* Data */ = {
			isa = PBXGroup;
			children = (
				F61CD77419589C49006F3C04 /* fgLevel001.h */,
				F61CD77519589C49006F3C04 /* fgLevel001.m */,
				F61CD789195CA4D0006F3C04 /* fgLevel002.h */,
				F61CD78A195CA4D0006F3C04 /* fgLevel002.m */,
				F61CD7831958D6EC006F3C04 /* fgLevel003.h */,
				F61CD7841958D6EC006F3C04 /* fgLevel003.m */,
				F61CD78C195CA7BA006F3C04 /* fgLevel004.h */,
				F61CD78D195CA7BA006F3C04 /* fgLevel004.m */,
				F61CD78F195CA824006F3C04 /* fgLevel005.h */,
				F61CD790195CA824006F3C04 /* fgLevel005.m */,
				F61CD792195CA83A006F3C04 /* fgLevel006.h */,
				F61CD793195CA83A006F3C04 /* fgLevel006.m */,
				F61CD795195E15D4006F3C04 /* fgLevel007.h */,
				F61CD796195E15D4006F3C04 /* fgLevel007.m */,
				F61CD798195E1609006F3C04 /* fgLevel008.h */,
				F61CD799195E1609006F3C04 /* fgLevel008.m */,
				F61CD79B195E1624006F3C04 /* fgLevel009.h */,
				F61CD79C195E1624006F3C04 /* fgLevel009.m */,
				F61CD79E195E1640006F3C04 /* fgLevel010.h */,
				F61CD79F195E1640006F3C04 /* fgLevel010.m */,
				F61CD7A1195E165A006F3C04 /* fgLevel011.h */,
				F61CD7A2195E165A006F3C04 /* fgLevel011.m */,
				F61CD7A4195E1675006F3C04 /* fgLevel012.h */,
				F61CD7A5195E1675006F3C04 /* fgLevel012.m */,
				F61CD7A7195E168E006F3C04 /* fgLevel013.h */,
				F61CD7A8195E168E006F3C04 /* fgLevel013.m */,
				F61CD7AA195E16BB006F3C04 /* fgLevel014.h */,
				F61CD7AB195E16BB006F3C04 /* fgLevel014.m */,
				F61CD7AD195E16D8006F3C04 /* fgLevel015.h */,
				F61CD7AE195E16D8006F3C04 /* fgLevel015.m */,
				F61CD7B0195E16F1006F3C04 /* fgLevel016.h */,
				F61CD7B1195E16F1006F3C04 /* fgLevel016.m */,
				F61CD7B3195E170C006F3C04 /* fgLevel017.h */,
				F61CD7B4195E170C006F3C04 /* fgLevel017.m */,
				F61CD7B6195E172A006F3C04 /* fgLevel018.h */,
				F61CD7B7195E172A006F3C04 /* fgLevel018.m */,
				F61CD7801958D385006F3C04 /* fgLevel019.h */,
				F61CD7811958D385006F3C04 /* fgLevel019.m */,
				F61CD7BC19688C16006F3C04 /* fgLevel020.h */,
				F61CD7BD19688C16006F3C04 /* fgLevel020.m */,
				F61CD7B919687DCC006F3C04 /* fgLevel021.h */,
				F61CD7BA19687DCC006F3C04 /* fgLevel021.m */,
				F6494ED71969DBB700339F70 /* fgLevel022.h */,
				F6494ED81969DBB700339F70 /* fgLevel022.m */,
				F6EC62E9196F4E5B00B661B3 /* fgLevel023.h */,
				F6EC62EA196F4E5B00B661B3 /* fgLevel023.m */,
				F6EC62EC196F4E7E00B661B3 /* fgLevel024.h */,
				F6EC62ED196F4E7E00B661B3 /* fgLevel024.m */,
				F6C4D50F19C91DD900FB309E /* fgLevel025.h */,
				F6C4D51019C91DD900FB309E /* fgLevel025.m */,
				F6C4D51219C9283900FB309E /* fgLevel026.h */,
				F6C4D51319C9283900FB309E /* fgLevel026.m */,
				F6C4D51519CD037C00FB309E /* fgLevel027.h */,
				F6C4D51619CD037C00FB309E /* fgLevel027.m */,
				F6C4D51819CF2EB500FB309E /* fgLevel028.h */,
				F6C4D51919CF2EB500FB309E /* fgLevel028.m */,
				F6C4D51E19CF386A00FB309E /* fgLevel029.h */,
				F6C4D51F19CF386A00FB309E /* fgLevel029.m */,
				F6C4D52119CFA11100FB309E /* fgLevel030.h */,
				F6C4D52219CFA11100FB309E /* fgLevel030.m */,
				F6C4D52419D2457A00FB309E /* fgLevel031.h */,
				F6C4D52519D2457A00FB309E /* fgLevel031.m */,
				F6C4D52719D87C1D00FB309E /* fgLevel032.h */,
				F6C4D52819D87C1D00FB309E /* fgLevel032.m */,
				F6C4D52A19D88CE400FB309E /* fgLevel033.h */,
				F6C4D52B19D88CE400FB309E /* fgLevel033.m */,
				F6959B5A19E707340069D07B /* fgLevel034.h */,
				F6959B5B19E707340069D07B /* fgLevel034.m */,
				F6959B5D19E720560069D07B /* fgLevel035.h */,
				F6959B5E19E720560069D07B /* fgLevel035.m */,
				F6959B6019E74C130069D07B /* fgLevel036.h */,
				F6959B6119E74C130069D07B /* fgLevel036.m */,
				F6C4D51B19CF2EC900FB309E /* fgLevel037.h */,
				F6C4D51C19CF2EC900FB309E /* fgLevel037.m */,
			);
			name = Data;
			sourceTree = "<group>";
		};
		F682185E189736720041DA80 /* Adapter */ = {
			isa = PBXGroup;
			children = (
				F60250FA187DDEFB0029915C /* fgAppDelegate.h */,
				F60250FB187DDEFB0029915C /* fgAppDelegate.m */,
				F60250FC187DDEFB0029915C /* fgDataAdapter.h */,
				F60250FD187DDEFB0029915C /* fgDataAdapter.m */,
				F60250FE187DDEFB0029915C /* fgGameAdapter.h */,
				F60250FF187DDEFB0029915C /* fgGameAdapter.m */,
				F6025100187DDEFB0029915C /* fgViewAdapter.h */,
				F6025101187DDEFB0029915C /* fgViewAdapter.m */,
				F6025102187DDEFB0029915C /* fgViewCanvas.h */,
				F6025103187DDEFB0029915C /* fgViewCanvas.m */,
			);
			name = Adapter;
			sourceTree = "<group>";
		};
		F6A6CA60187DF175006AAE57 /* View */ = {
			isa = PBXGroup;
			children = (
				F6A6CA61187DF1AC006AAE57 /* fgTabuloDirector.h */,
				F6A6CA62187DF1AC006AAE57 /* fgTabuloDirector.m */,
			);
			name = View;
			sourceTree = "<group>";
		};
		F6A6CA80188096F8006AAE57 /* Control */ = {
			isa = PBXGroup;
			children = (
				F6DF021D18BBE81D00E7DF6C /* Command */,
				F6BDB2B318C277D900430653 /* Event */,
				F6118608188C4E22004497C2 /* Graph */,
				F611860C188C4F46004497C2 /* State */,
				F61CD77319589BD6006F3C04 /* Editor */,
			);
			name = Control;
			sourceTree = "<group>";
		};
		F6BDB2B318C277D900430653 /* Event */ = {
			isa = PBXGroup;
			children = (
				F6145D5418B1B24200924636 /* fgTabuloEvent.h */,
				F6145D5518B1B24200924636 /* fgTabuloEvent.m */,
			);
			name = Event;
			sourceTree = "<group>";
		};
		F6DF021D18BBE81D00E7DF6C /* Command */ = {
			isa = PBXGroup;
			children = (
				F6DF021E18BBEA8300E7DF6C /* fgPawnFeedbackCommand.h */,
				F6DF021F18BBEA8300E7DF6C /* fgPawnFeedbackCommand.m */,
				F6DF022118BC269500E7DF6C /* fgPlankFeedbackCommand.h */,
				F6DF022218BC269500E7DF6C /* fgPlankFeedbackCommand.m */,
				F6BDB2AF18C2733000430653 /* fgRemoveFeedbackCommand.h */,
				F6BDB2B018C2733000430653 /* fgRemoveFeedbackCommand.m */,
			);
			name = Command;
			sourceTree = "<group>";
		};
/* End PBXGroup section */

/* Begin PBXNativeTarget section */
		F60250C5187DDDC80029915C /* Tabulo */ = {
			isa = PBXNativeTarget;
			buildConfigurationList = F60250F4187DDDC80029915C /* Build configuration list for PBXNativeTarget "Tabulo" */;
			buildPhases = (
				F60250C2187DDDC80029915C /* Sources */,
				F60250C3187DDDC80029915C /* Frameworks */,
				F60250C4187DDDC80029915C /* Resources */,
			);
			buildRules = (
			);
			dependencies = (
			);
			name = Tabulo;
			productName = Tabulo;
			productReference = F60250C6187DDDC80029915C /* Tabulo.app */;
			productType = "com.apple.product-type.application";
		};
/* End PBXNativeTarget section */

/* Begin PBXProject section */
		F60250BE187DDDC80029915C /* Project object */ = {
			isa = PBXProject;
			attributes = {
				CLASSPREFIX = fg;
				LastUpgradeCheck = 0460;
				ORGANIZATIONNAME = "Frozenfrog Games";
				TargetAttributes = {
					F60250C5187DDDC80029915C = {
						DevelopmentTeam = TD43LA5QAK;
						SystemCapabilities = {
							com.apple.GameCenter = {
								enabled = 1;
							};
							com.apple.InAppPurchase = {
								enabled = 1;
							};
						};
					};
				};
			};
			buildConfigurationList = F60250C1187DDDC80029915C /* Build configuration list for PBXProject "Tabulo" */;
			compatibilityVersion = "Xcode 3.2";
			developmentRegion = English;
			hasScannedForEncodings = 0;
			knownRegions = (
				en,
			);
			mainGroup = F60250BD187DDDC80029915C;
			productRefGroup = F60250C7187DDDC80029915C /* Products */;
			projectDirPath = "";
			projectRoot = "";
			targets = (
				F60250C5187DDDC80029915C /* Tabulo */,
			);
		};
/* End PBXProject section */

/* Begin PBXResourcesBuildPhase section */
		F60250C4187DDDC80029915C /* Resources */ = {
			isa = PBXResourcesBuildPhase;
			buildActionMask = 2147483647;
			files = (
				F6BDB2CA18CD64A300430653 /* Content in Resources */,
				F60250D8187DDDC80029915C /* InfoPlist.strings in Resources */,
				F6145D5018B04D5C00924636 /* background-gameplay.png in Resources */,
				F6BDB2AE18C16E0700430653 /* spritesheet-gameplay.png in Resources */,
				F6EB418018EB90AD0017487E /* spritesheet-menu.png in Resources */,
				F6EB418218EB90B90017487E /* background-menu.png in Resources */,
				F6AA4C6C19283C3E00E93CAF /* Images.xcassets in Resources */,
			);
			runOnlyForDeploymentPostprocessing = 0;
		};
/* End PBXResourcesBuildPhase section */

/* Begin PBXSourcesBuildPhase section */
		F60250C2187DDDC80029915C /* Sources */ = {
			isa = PBXSourcesBuildPhase;
			buildActionMask = 2147483647;
			files = (
				F6494ED91969DBB700339F70 /* fgLevel022.m in Sources */,
				F61CD7A3195E165A006F3C04 /* fgLevel011.m in Sources */,
				F61CD7821958D385006F3C04 /* fgLevel019.m in Sources */,
				F6145D5618B1B24200924636 /* fgTabuloEvent.m in Sources */,
				F60250DA187DDDC80029915C /* main.m in Sources */,
				F6025104187DDEFB0029915C /* fgAppDelegate.m in Sources */,
				F61CD7BE19688C16006F3C04 /* fgLevel020.m in Sources */,
				F61CD7A0195E1640006F3C04 /* fgLevel010.m in Sources */,
				F61CD79D195E1624006F3C04 /* fgLevel009.m in Sources */,
				F61CD77B1958A030006F3C04 /* fgTabuloScene.m in Sources */,
				F6145D5918B2F3ED00924636 /* fgLevelState.m in Sources */,
				F6C4D52319CFA11100FB309E /* fgLevel030.m in Sources */,
				F6C4D52919D87C1D00FB309E /* fgLevel032.m in Sources */,
				F6DF023018BED35A00E7DF6C /* fgHouseNode.m in Sources */,
				F6BDB2B918C2DAD600430653 /* fgPawnEdge.m in Sources */,
				F6EC62EB196F4E5B00B661B3 /* fgLevel023.m in Sources */,
				F6C4D51119C91DD900FB309E /* fgLevel025.m in Sources */,
				F61CD7851958D6EC006F3C04 /* fgLevel003.m in Sources */,
				F6EC62EE196F4E7E00B661B3 /* fgLevel024.m in Sources */,
				F6C4D51D19CF2EC900FB309E /* fgLevel037.m in Sources */,
				F6BDB2B118C2733000430653 /* fgRemoveFeedbackCommand.m in Sources */,
				F6C4D52619D2457A00FB309E /* fgLevel031.m in Sources */,
				F61CD79A195E1609006F3C04 /* fgLevel008.m in Sources */,
				F61CD7A6195E1675006F3C04 /* fgLevel012.m in Sources */,
				F6C4D51419C9283900FB309E /* fgLevel026.m in Sources */,
				F61CD7AC195E16BB006F3C04 /* fgLevel014.m in Sources */,
				F6C4D52C19D88CE400FB309E /* fgLevel033.m in Sources */,
				F61CD7A9195E168E006F3C04 /* fgLevel013.m in Sources */,
				F6025105187DDEFB0029915C /* fgDataAdapter.m in Sources */,
				F6C4D51A19CF2EB500FB309E /* fgLevel028.m in Sources */,
				F6025106187DDEFB0029915C /* fgGameAdapter.m in Sources */,
				F61CD7B5195E170C006F3C04 /* fgLevel017.m in Sources */,
				F61CD791195CA824006F3C04 /* fgLevel005.m in Sources */,
				F6DF022318BC269500E7DF6C /* fgPlankFeedbackCommand.m in Sources */,
				F61CD7AF195E16D8006F3C04 /* fgLevel015.m in Sources */,
				F61CD78E195CA7BA006F3C04 /* fgLevel004.m in Sources */,
				F61CD77619589C49006F3C04 /* fgLevel001.m in Sources */,
				F6959B6219E74C130069D07B /* fgLevel036.m in Sources */,
				F61CD7B8195E172A006F3C04 /* fgLevel018.m in Sources */,
				F6C4D51719CD037C00FB309E /* fgLevel027.m in Sources */,
				F61CD7B2195E16F1006F3C04 /* fgLevel016.m in Sources */,
				F61CD77E1958A291006F3C04 /* fgTabuloGame.m in Sources */,
				F6959B5C19E707340069D07B /* fgLevel034.m in Sources */,
				F6025107187DDEFB0029915C /* fgViewAdapter.m in Sources */,
				F6025108187DDEFB0029915C /* fgViewCanvas.m in Sources */,
				F6959B5F19E720560069D07B /* fgLevel035.m in Sources */,
				F6A6CA63187DF1AC006AAE57 /* fgTabuloDirector.m in Sources */,
				F61CD7BB19687DCC006F3C04 /* fgLevel021.m in Sources */,
				F682186E189F444D0041DA80 /* fgEventOnClick.m in Sources */,
				F61CD78B195CA4D0006F3C04 /* fgLevel002.m in Sources */,
				F6BDB2BC18C2DAEF00430653 /* fgPlankEdge.m in Sources */,
				F6118612188C545A004497C2 /* fgDragPawnOverEdge.m in Sources */,
				F6DF022018BBEA8300E7DF6C /* fgPawnFeedbackCommand.m in Sources */,
				F61CD794195CA83A006F3C04 /* fgLevel006.m in Sources */,
				F6EB416A18E8EFDA0017487E /* fgMenuState.m in Sources */,
				F6DF01F718B598CC00E7DF6C /* fgDialogState.m in Sources */,
				F69231BB19C61F650046B322 /* fgDragPlankAroundNode.m in Sources */,
				F61CD797195E15D4006F3C04 /* fgLevel007.m in Sources */,
				F6C4D52019CF386A00FB309E /* fgLevel029.m in Sources */,
			);
			runOnlyForDeploymentPostprocessing = 0;
		};
/* End PBXSourcesBuildPhase section */

/* Begin PBXVariantGroup section */
		F60250D6187DDDC80029915C /* InfoPlist.strings */ = {
			isa = PBXVariantGroup;
			children = (
				F60250D7187DDDC80029915C /* en */,
			);
			name = InfoPlist.strings;
			sourceTree = "<group>";
		};
/* End PBXVariantGroup section */

/* Begin XCBuildConfiguration section */
		F60250F2187DDDC80029915C /* Debug */ = {
			isa = XCBuildConfiguration;
			buildSettings = {
				ALWAYS_SEARCH_USER_PATHS = NO;
				CLANG_CXX_LANGUAGE_STANDARD = "gnu++0x";
				CLANG_CXX_LIBRARY = "libc++";
				CLANG_ENABLE_OBJC_ARC = YES;
				CLANG_WARN_CONSTANT_CONVERSION = YES;
				CLANG_WARN_EMPTY_BODY = YES;
				CLANG_WARN_ENUM_CONVERSION = YES;
				CLANG_WARN_INT_CONVERSION = YES;
				CLANG_WARN__DUPLICATE_METHOD_MATCH = YES;
				"CODE_SIGN_IDENTITY[sdk=iphoneos*]" = "iPhone Developer";
				COPY_PHASE_STRIP = NO;
				GCC_C_LANGUAGE_STANDARD = gnu99;
				GCC_DYNAMIC_NO_PIC = NO;
				GCC_OPTIMIZATION_LEVEL = 0;
				GCC_PREPROCESSOR_DEFINITIONS = (
					"DEBUG=1",
					"$(inherited)",
				);
				GCC_SYMBOLS_PRIVATE_EXTERN = NO;
				GCC_WARN_ABOUT_RETURN_TYPE = YES;
				GCC_WARN_UNINITIALIZED_AUTOS = YES;
				GCC_WARN_UNUSED_VARIABLE = YES;
				IPHONEOS_DEPLOYMENT_TARGET = 6.1;
				ONLY_ACTIVE_ARCH = YES;
				SDKROOT = iphoneos;
				TARGETED_DEVICE_FAMILY = "1,2";
			};
			name = Debug;
		};
		F60250F3187DDDC80029915C /* Release */ = {
			isa = XCBuildConfiguration;
			buildSettings = {
				ALWAYS_SEARCH_USER_PATHS = NO;
				CLANG_CXX_LANGUAGE_STANDARD = "gnu++0x";
				CLANG_CXX_LIBRARY = "libc++";
				CLANG_ENABLE_OBJC_ARC = YES;
				CLANG_WARN_CONSTANT_CONVERSION = YES;
				CLANG_WARN_EMPTY_BODY = YES;
				CLANG_WARN_ENUM_CONVERSION = YES;
				CLANG_WARN_INT_CONVERSION = YES;
				CLANG_WARN__DUPLICATE_METHOD_MATCH = YES;
				"CODE_SIGN_IDENTITY[sdk=iphoneos*]" = "iPhone Developer";
				COPY_PHASE_STRIP = YES;
				GCC_C_LANGUAGE_STANDARD = gnu99;
				GCC_WARN_ABOUT_RETURN_TYPE = YES;
				GCC_WARN_UNINITIALIZED_AUTOS = YES;
				GCC_WARN_UNUSED_VARIABLE = YES;
				IPHONEOS_DEPLOYMENT_TARGET = 6.1;
				OTHER_CFLAGS = "-DNS_BLOCK_ASSERTIONS=1";
				SDKROOT = iphoneos;
				TARGETED_DEVICE_FAMILY = "1,2";
				VALIDATE_PRODUCT = YES;
			};
			name = Release;
		};
		F60250F5187DDDC80029915C /* Debug */ = {
			isa = XCBuildConfiguration;
			buildSettings = {
				ASSETCATALOG_COMPILER_APPICON_NAME = AppIcon;
				ASSETCATALOG_COMPILER_LAUNCHIMAGE_NAME = LaunchImage;
				CODE_SIGN_IDENTITY = "iPhone Developer";
				"CODE_SIGN_IDENTITY[sdk=iphoneos*]" = "iPhone Developer";
				GCC_PRECOMPILE_PREFIX_HEADER = YES;
				GCC_PREFIX_HEADER = "Tabulo/Tabulo-Prefix.pch";
				INFOPLIST_FILE = "Tabulo/Tabulo-Info.plist";
				IPHONEOS_DEPLOYMENT_TARGET = 5.1.1;
				LIBRARY_SEARCH_PATHS = (
					"$(inherited)",
					"$(USER_LIBRARY_DIR)/Developer/Xcode/DerivedData/TabuloGame-dvquwkaaxqsgewbeorclhpcfvyxb/Build/Products/Debug-iphoneos",
				);
				PRODUCT_NAME = "$(TARGET_NAME)";
				PROVISIONING_PROFILE = "";
				TARGETED_DEVICE_FAMILY = "1,2";
				WRAPPER_EXTENSION = app;
			};
			name = Debug;
		};
		F60250F6187DDDC80029915C /* Release */ = {
			isa = XCBuildConfiguration;
			buildSettings = {
				ASSETCATALOG_COMPILER_APPICON_NAME = AppIcon;
				ASSETCATALOG_COMPILER_LAUNCHIMAGE_NAME = LaunchImage;
				CODE_SIGN_IDENTITY = "iPhone Developer";
				"CODE_SIGN_IDENTITY[sdk=iphoneos*]" = "iPhone Developer";
				GCC_PRECOMPILE_PREFIX_HEADER = YES;
				GCC_PREFIX_HEADER = "Tabulo/Tabulo-Prefix.pch";
				INFOPLIST_FILE = "Tabulo/Tabulo-Info.plist";
				IPHONEOS_DEPLOYMENT_TARGET = 5.1.1;
				LIBRARY_SEARCH_PATHS = (
					"$(inherited)",
					"$(USER_LIBRARY_DIR)/Developer/Xcode/DerivedData/TabuloGame-dvquwkaaxqsgewbeorclhpcfvyxb/Build/Products/Debug-iphoneos",
				);
				PRODUCT_NAME = "$(TARGET_NAME)";
				PROVISIONING_PROFILE = "";
				TARGETED_DEVICE_FAMILY = "1,2";
				WRAPPER_EXTENSION = app;
			};
			name = Release;
		};
/* End XCBuildConfiguration section */

/* Begin XCConfigurationList section */
		F60250C1187DDDC80029915C /* Build configuration list for PBXProject "Tabulo" */ = {
			isa = XCConfigurationList;
			buildConfigurations = (
				F60250F2187DDDC80029915C /* Debug */,
				F60250F3187DDDC80029915C /* Release */,
			);
			defaultConfigurationIsVisible = 0;
			defaultConfigurationName = Release;
		};
		F60250F4187DDDC80029915C /* Build configuration list for PBXNativeTarget "Tabulo" */ = {
			isa = XCConfigurationList;
			buildConfigurations = (
				F60250F5187DDDC80029915C /* Debug */,
				F60250F6187DDDC80029915C /* Release */,
			);
			defaultConfigurationIsVisible = 0;
			defaultConfigurationName = Release;
		};
/* End XCConfigurationList section */
	};
	rootObject = F60250BE187DDDC80029915C /* Project object */;
}
